
Microsoft Visual Studio Solution File, Format Version 12.00
# Visual Studio Version 16
VisualStudioVersion = 16.0.31424.327
MinimumVisualStudioVersion = 10.0.40219.1
Project("{FAE04EC0-301F-11D3-BF4B-00C04F79EFBC}") = "WhenAll", "WhenAll\WhenAll.csproj", "{EB07E6F6-4E28-499B-B2EE-77A2094C4F11}"
EndProject
Global
	GlobalSection(SolutionConfigurationPlatforms) = preSolution
		Debug|Any CPU = Debug|Any CPU
		Release|Any CPU = Release|Any CPU
	EndGlobalSection
	GlobalSection(ProjectConfigurationPlatforms) = postSolution
		{EB07E6F6-4E28-499B-B2EE-77A2094C4F11}.Debug|Any CPU.ActiveCfg = Debug|Any CPU
		{EB07E6F6-4E28-499B-B2EE-77A2094C4F11}.Debug|Any CPU.Build.0 = Debug|Any CPU
		{EB07E6F6-4E28-499B-B2EE-77A2094C4F11}.Release|Any CPU.ActiveCfg = Release|Any CPU
		{EB07E6F6-4E28-499B-B2EE-77A2094C4F11}.Release|Any CPU.Build.0 = Release|Any CPU
	EndGlobalSection
	GlobalSection(SolutionProperties) = preSolution
		HideSolutionNode = FALSE
	EndGlobalSection
	GlobalSection(ExtensibilityGlobals) = postSolution
		SolutionGuid = {6BC5883F-CA1C-49FE-BCE7-169AECF29594}
	EndGlobalSection
EndGlobal
